
Microsoft Visual Studio Solution File, Format Version 12.00
# Visual Studio 15
VisualStudioVersion = 15.0.27703.2042
MinimumVisualStudioVersion = 10.0.40219.1
Project("{8BC9CEB8-8B4A-11D0-8D11-00A0C91BC942}") = "05.09.2018", "05.09.2018\05.09.2018.vcxproj", "{EC626EB4-32C1-424D-8673-0D178CA90705}"
EndProject
Global
	GlobalSection(SolutionConfigurationPlatforms) = preSolution
		Debug|x64 = Debug|x64
		Debug|x86 = Debug|x86
		Release|x64 = Release|x64
		Release|x86 = Release|x86
	EndGlobalSection
	GlobalSection(ProjectConfigurationPlatforms) = postSolution
		{EC626EB4-32C1-424D-8673-0D178CA90705}.Debug|x64.ActiveCfg = Debug|x64
		{EC626EB4-32C1-424D-8673-0D178CA90705}.Debug|x64.Build.0 = Debug|x64
		{EC626EB4-32C1-424D-8673-0D178CA90705}.Debug|x86.ActiveCfg = Debug|Win32
		{EC626EB4-32C1-424D-8673-0D178CA90705}.Debug|x86.Build.0 = Debug|Win32
		{EC626EB4-32C1-424D-8673-0D178CA90705}.Release|x64.ActiveCfg = Release|x64
		{EC626EB4-32C1-424D-8673-0D178CA90705}.Release|x64.Build.0 = Release|x64
		{EC626EB4-32C1-424D-8673-0D178CA90705}.Release|x86.ActiveCfg = Release|Win32
		{EC626EB4-32C1-424D-8673-0D178CA90705}.Release|x86.Build.0 = Release|Win32
	EndGlobalSection
	GlobalSection(SolutionProperties) = preSolution
		HideSolutionNode = FALSE
	EndGlobalSection
	GlobalSection(ExtensibilityGlobals) = postSolution
		SolutionGuid = {E6C98E34-3B0C-432C-90F1-EA4D5F563689}
	EndGlobalSection
EndGlobal
